
Microsoft Visual Studio Solution File, Format Version 12.00
# Visual Studio Version 17
VisualStudioVersion = 17.0.31903.59
MinimumVisualStudioVersion = 10.0.40219.1
Project("{FAE04EC0-301F-11D3-BF4B-00C04F79EFBC}") = "DeckServer", "DeckServer\DeckServer.csproj", "{6F5C1F47-4008-4F1F-9067-0D4E5403500B}"
EndProject
Project("{FAE04EC0-301F-11D3-BF4B-00C04F79EFBC}") = "DeckUtils", "DeckUtils\DeckUtils.csproj", "{55D9CD01-4560-4119-B72F-CC1B75153B50}"
EndProject
Project("{FAE04EC0-301F-11D3-BF4B-00C04F79EFBC}") = "DeckTests", "DeckTests\DeckTests.csproj", "{CEA00ED6-85DF-4BD0-A949-518445AE37E5}"
EndProject
Global
	GlobalSection(SolutionConfigurationPlatforms) = preSolution
		Debug|Any CPU = Debug|Any CPU
		Release|Any CPU = Release|Any CPU
	EndGlobalSection
	GlobalSection(SolutionProperties) = preSolution
		HideSolutionNode = FALSE
	EndGlobalSection
	GlobalSection(ProjectConfigurationPlatforms) = postSolution
		{6F5C1F47-4008-4F1F-9067-0D4E5403500B}.Debug|Any CPU.ActiveCfg = Debug|Any CPU
		{6F5C1F47-4008-4F1F-9067-0D4E5403500B}.Debug|Any CPU.Build.0 = Debug|Any CPU
		{6F5C1F47-4008-4F1F-9067-0D4E5403500B}.Release|Any CPU.ActiveCfg = Release|Any CPU
		{6F5C1F47-4008-4F1F-9067-0D4E5403500B}.Release|Any CPU.Build.0 = Release|Any CPU
		{55D9CD01-4560-4119-B72F-CC1B75153B50}.Debug|Any CPU.ActiveCfg = Debug|Any CPU
		{55D9CD01-4560-4119-B72F-CC1B75153B50}.Debug|Any CPU.Build.0 = Debug|Any CPU
		{55D9CD01-4560-4119-B72F-CC1B75153B50}.Release|Any CPU.ActiveCfg = Release|Any CPU
		{55D9CD01-4560-4119-B72F-CC1B75153B50}.Release|Any CPU.Build.0 = Release|Any CPU
		{CEA00ED6-85DF-4BD0-A949-518445AE37E5}.Debug|Any CPU.ActiveCfg = Debug|Any CPU
		{CEA00ED6-85DF-4BD0-A949-518445AE37E5}.Debug|Any CPU.Build.0 = Debug|Any CPU
		{CEA00ED6-85DF-4BD0-A949-518445AE37E5}.Release|Any CPU.ActiveCfg = Release|Any CPU
		{CEA00ED6-85DF-4BD0-A949-518445AE37E5}.Release|Any CPU.Build.0 = Release|Any CPU
	EndGlobalSection
EndGlobal
